
Microsoft Visual Studio Solution File, Format Version 12.00
# Visual Studio 15
Project("{FAE04EC0-301F-11D3-BF4B-00C04F79EFBC}") = "Assembly-CSharp", "Assembly-CSharp.csproj", "{C663DC69-6562-E92E-D802-AF3C390ED89B}"
EndProject
Project("{FAE04EC0-301F-11D3-BF4B-00C04F79EFBC}") = "Unity.XR.Interaction.Toolkit.Samples.Hands", "Unity.XR.Interaction.Toolkit.Samples.Hands.csproj", "{028C1F2A-8052-4406-CCDF-BE75C507D060}"
EndProject
Project("{FAE04EC0-301F-11D3-BF4B-00C04F79EFBC}") = "Unity.XR.Interaction.Toolkit.Samples.StarterAssets", "Unity.XR.Interaction.Toolkit.Samples.StarterAssets.csproj", "{AB9E65FD-5758-8DFA-0327-FAFC5B58AF16}"
EndProject
Project("{FAE04EC0-301F-11D3-BF4B-00C04F79EFBC}") = "Unity.XR.Hands.Samples.VisualizerSample", "Unity.XR.Hands.Samples.VisualizerSample.csproj", "{863F2D31-3C1A-FB88-DCD5-4B2E45474261}"
EndProject
Project("{FAE04EC0-301F-11D3-BF4B-00C04F79EFBC}") = "Unity.XR.Interaction.Toolkit.Samples.Hands.Editor", "Unity.XR.Interaction.Toolkit.Samples.Hands.Editor.csproj", "{4C8A80B2-0985-3AB1-D479-785800CC02A8}"
EndProject
Project("{FAE04EC0-301F-11D3-BF4B-00C04F79EFBC}") = "Unity.XR.Interaction.Toolkit.Samples.StarterAssets.Editor", "Unity.XR.Interaction.Toolkit.Samples.StarterAssets.Editor.csproj", "{29879253-B5FC-099E-49B2-755C4DDF688E}"
EndProject
Global
	GlobalSection(SolutionConfigurationPlatforms) = preSolution
		Debug|Any CPU = Debug|Any CPU
		Release|Any CPU = Release|Any CPU
	EndGlobalSection
	GlobalSection(ProjectConfigurationPlatforms) = postSolution
		{C663DC69-6562-E92E-D802-AF3C390ED89B}.Debug|Any CPU.ActiveCfg = Debug|Any CPU
		{C663DC69-6562-E92E-D802-AF3C390ED89B}.Debug|Any CPU.Build.0 = Debug|Any CPU
		{C663DC69-6562-E92E-D802-AF3C390ED89B}.Release|Any CPU.ActiveCfg = Release|Any CPU
		{C663DC69-6562-E92E-D802-AF3C390ED89B}.Release|Any CPU.Build.0 = Release|Any CPU
		{028C1F2A-8052-4406-CCDF-BE75C507D060}.Debug|Any CPU.ActiveCfg = Debug|Any CPU
		{028C1F2A-8052-4406-CCDF-BE75C507D060}.Debug|Any CPU.Build.0 = Debug|Any CPU
		{028C1F2A-8052-4406-CCDF-BE75C507D060}.Release|Any CPU.ActiveCfg = Release|Any CPU
		{028C1F2A-8052-4406-CCDF-BE75C507D060}.Release|Any CPU.Build.0 = Release|Any CPU
		{AB9E65FD-5758-8DFA-0327-FAFC5B58AF16}.Debug|Any CPU.ActiveCfg = Debug|Any CPU
		{AB9E65FD-5758-8DFA-0327-FAFC5B58AF16}.Debug|Any CPU.Build.0 = Debug|Any CPU
		{AB9E65FD-5758-8DFA-0327-FAFC5B58AF16}.Release|Any CPU.ActiveCfg = Release|Any CPU
		{AB9E65FD-5758-8DFA-0327-FAFC5B58AF16}.Release|Any CPU.Build.0 = Release|Any CPU
		{863F2D31-3C1A-FB88-DCD5-4B2E45474261}.Debug|Any CPU.ActiveCfg = Debug|Any CPU
		{863F2D31-3C1A-FB88-DCD5-4B2E45474261}.Debug|Any CPU.Build.0 = Debug|Any CPU
		{863F2D31-3C1A-FB88-DCD5-4B2E45474261}.Release|Any CPU.ActiveCfg = Release|Any CPU
		{863F2D31-3C1A-FB88-DCD5-4B2E45474261}.Release|Any CPU.Build.0 = Release|Any CPU
		{4C8A80B2-0985-3AB1-D479-785800CC02A8}.Debug|Any CPU.ActiveCfg = Debug|Any CPU
		{4C8A80B2-0985-3AB1-D479-785800CC02A8}.Debug|Any CPU.Build.0 = Debug|Any CPU
		{4C8A80B2-0985-3AB1-D479-785800CC02A8}.Release|Any CPU.ActiveCfg = Release|Any CPU
		{4C8A80B2-0985-3AB1-D479-785800CC02A8}.Release|Any CPU.Build.0 = Release|Any CPU
		{29879253-B5FC-099E-49B2-755C4DDF688E}.Debug|Any CPU.ActiveCfg = Debug|Any CPU
		{29879253-B5FC-099E-49B2-755C4DDF688E}.Debug|Any CPU.Build.0 = Debug|Any CPU
		{29879253-B5FC-099E-49B2-755C4DDF688E}.Release|Any CPU.ActiveCfg = Release|Any CPU
		{29879253-B5FC-099E-49B2-755C4DDF688E}.Release|Any CPU.Build.0 = Release|Any CPU
	EndGlobalSection
	GlobalSection(SolutionProperties) = preSolution
		HideSolutionNode = FALSE
	EndGlobalSection
EndGlobal
